
Microsoft Visual Studio Solution File, Format Version 12.00
# Visual Studio 15
VisualStudioVersion = 15.0.28010.2050
MinimumVisualStudioVersion = 10.0.40219.1
Project("{FAE04EC0-301F-11D3-BF4B-00C04F79EFBC}") = "Ghost", "Ghost\Ghost.csproj", "{3590D496-C866-4B83-B9C5-F4BB66588BE9}"
EndProject
Global
	GlobalSection(SolutionConfigurationPlatforms) = preSolution
		Debug|Any CPU = Debug|Any CPU
		Release|Any CPU = Release|Any CPU
	EndGlobalSection
	GlobalSection(ProjectConfigurationPlatforms) = postSolution
		{3590D496-C866-4B83-B9C5-F4BB66588BE9}.Debug|Any CPU.ActiveCfg = Debug|Any CPU
		{3590D496-C866-4B83-B9C5-F4BB66588BE9}.Debug|Any CPU.Build.0 = Debug|Any CPU
		{3590D496-C866-4B83-B9C5-F4BB66588BE9}.Release|Any CPU.ActiveCfg = Release|Any CPU
		{3590D496-C866-4B83-B9C5-F4BB66588BE9}.Release|Any CPU.Build.0 = Release|Any CPU
	EndGlobalSection
	GlobalSection(SolutionProperties) = preSolution
		HideSolutionNode = FALSE
	EndGlobalSection
	GlobalSection(ExtensibilityGlobals) = postSolution
		SolutionGuid = {2F82FBDA-E544-4550-9846-8B7A7F3C31BF}
	EndGlobalSection
EndGlobal
